
Microsoft Visual Studio Solution File, Format Version 12.00
# Visual Studio Version 16
VisualStudioVersion = 16.0.31129.286
MinimumVisualStudioVersion = 10.0.40219.1
Project("{8BC9CEB8-8B4A-11D0-8D11-00A0C91BC942}") = "first", "first\first.vcxproj", "{AB36F450-C904-4141-8EC6-63A065F7B63C}"
EndProject
Project("{8BC9CEB8-8B4A-11D0-8D11-00A0C91BC942}") = "pascal", "pascal\pascal.vcxproj", "{B80FFA6C-C730-47BE-8C86-F220B73B0AEE}"
EndProject
Project("{8BC9CEB8-8B4A-11D0-8D11-00A0C91BC942}") = "score", "score\score.vcxproj", "{C2C39C59-6620-4B85-970E-E5DC39FC599B}"
EndProject
Global
	GlobalSection(SolutionConfigurationPlatforms) = preSolution
		Debug|x64 = Debug|x64
		Debug|x86 = Debug|x86
		Release|x64 = Release|x64
		Release|x86 = Release|x86
	EndGlobalSection
	GlobalSection(ProjectConfigurationPlatforms) = postSolution
		{AB36F450-C904-4141-8EC6-63A065F7B63C}.Debug|x64.ActiveCfg = Debug|x64
		{AB36F450-C904-4141-8EC6-63A065F7B63C}.Debug|x64.Build.0 = Debug|x64
		{AB36F450-C904-4141-8EC6-63A065F7B63C}.Debug|x86.ActiveCfg = Debug|Win32
		{AB36F450-C904-4141-8EC6-63A065F7B63C}.Debug|x86.Build.0 = Debug|Win32
		{AB36F450-C904-4141-8EC6-63A065F7B63C}.Release|x64.ActiveCfg = Release|x64
		{AB36F450-C904-4141-8EC6-63A065F7B63C}.Release|x64.Build.0 = Release|x64
		{AB36F450-C904-4141-8EC6-63A065F7B63C}.Release|x86.ActiveCfg = Release|Win32
		{AB36F450-C904-4141-8EC6-63A065F7B63C}.Release|x86.Build.0 = Release|Win32
		{B80FFA6C-C730-47BE-8C86-F220B73B0AEE}.Debug|x64.ActiveCfg = Debug|x64
		{B80FFA6C-C730-47BE-8C86-F220B73B0AEE}.Debug|x64.Build.0 = Debug|x64
		{B80FFA6C-C730-47BE-8C86-F220B73B0AEE}.Debug|x86.ActiveCfg = Debug|Win32
		{B80FFA6C-C730-47BE-8C86-F220B73B0AEE}.Debug|x86.Build.0 = Debug|Win32
		{B80FFA6C-C730-47BE-8C86-F220B73B0AEE}.Release|x64.ActiveCfg = Release|x64
		{B80FFA6C-C730-47BE-8C86-F220B73B0AEE}.Release|x64.Build.0 = Release|x64
		{B80FFA6C-C730-47BE-8C86-F220B73B0AEE}.Release|x86.ActiveCfg = Release|Win32
		{B80FFA6C-C730-47BE-8C86-F220B73B0AEE}.Release|x86.Build.0 = Release|Win32
		{C2C39C59-6620-4B85-970E-E5DC39FC599B}.Debug|x64.ActiveCfg = Debug|x64
		{C2C39C59-6620-4B85-970E-E5DC39FC599B}.Debug|x64.Build.0 = Debug|x64
		{C2C39C59-6620-4B85-970E-E5DC39FC599B}.Debug|x86.ActiveCfg = Debug|Win32
		{C2C39C59-6620-4B85-970E-E5DC39FC599B}.Debug|x86.Build.0 = Debug|Win32
		{C2C39C59-6620-4B85-970E-E5DC39FC599B}.Release|x64.ActiveCfg = Release|x64
		{C2C39C59-6620-4B85-970E-E5DC39FC599B}.Release|x64.Build.0 = Release|x64
		{C2C39C59-6620-4B85-970E-E5DC39FC599B}.Release|x86.ActiveCfg = Release|Win32
		{C2C39C59-6620-4B85-970E-E5DC39FC599B}.Release|x86.Build.0 = Release|Win32
	EndGlobalSection
	GlobalSection(SolutionProperties) = preSolution
		HideSolutionNode = FALSE
	EndGlobalSection
	GlobalSection(ExtensibilityGlobals) = postSolution
		SolutionGuid = {7C901A92-EFA5-4A07-B511-D44556416346}
	EndGlobalSection
EndGlobal
